github.com/aws/aws-sdk-go-v2 v1.41.1 h1:ABlyEARCDLN034NhxlRUSZr4l71mh+T5KAeGh6cerhU=
github.com/aws/aws-sdk-go-v2 v1.41.1/go.mod h1:MayyLB8y+buD9hZqkCW3kX1AKq07Y5pXxtgB+rRFhz0=
github.com/aws/aws-sdk-go-v2/aws/protocol/eventstream v1.7.4 h1:489krEF9xIGkOaaX3CE/Be2uWjiXrkCH6gUX+bZA/BU=
github.com/aws/aws-sdk-go-v2/aws/protocol/eventstream v1.7.4/go.mod h1:IOAPF6oT9KCsceNTvvYMNHy0+kMF8akOjeDvPENWxp4=
github.com/aws/aws-sdk-go-v2/config v1.27.0 h1:J5sdGCAHuWKIXLeXiqr8II/adSvetkx0qdZwdbXXpb0=
github.com/aws/aws-sdk-go-v2/config v1.27.0/go.mod h1:cfh8v69nuSUohNFMbIISP2fhmblGmYEOKs5V53HiHnk=
github.com/aws/aws-sdk-go-v2/credentials v1.17.0 h1:lMW2x6sKBsiAJrpi1doOXqWFyEPoE886DTb1X0wb7So=
github.com/aws/aws-sdk-go-v2/credentials v1.17.0/go.mod h1:uT41FIH8cCIxOdUYIL0PYyHlL1NoneDuDSCwg5VE/5o=
github.com/aws/aws-sdk-go-v2/feature/ec2/imds v1.15.0 h1:xWCwjjvVz2ojYTP4kBKUuUh9ZrXfcAXpflhOUUeXg1k=
github.com/aws/aws-sdk-go-v2/feature/ec2/imds v1.15.0/go.mod h1:j3fACuqXg4oMTQOR2yY7m0NmJY0yBK4L4sLsRXq1Ins=
github.com/aws/aws-sdk-go-v2/internal/configsources v1.4.17 h1:xOLELNKGp2vsiteLsvLPwxC+mYmO6OZ8PYgiuPJzF8U=
github.com/aws/aws-sdk-go-v2/internal/configsources v1.4.17/go.mod h1:5M5CI3D12dNOtH3/mk6minaRwI2/37ifCURZISxA/IQ=
github.com/aws/aws-sdk-go-v2/internal/endpoints/v2 v2.7.17 h1:WWLqlh79iO48yLkj1v3ISRNiv+3KdQoZ6JWyfcsyQik=
github.com/aws/aws-sdk-go-v2/internal/endpoints/v2 v2.7.17/go.mod h1:EhG22vHRrvF8oXSTYStZhJc1aUgKtnJe+aOiFEV90cM=
github.com/aws/aws-sdk-go-v2/internal/ini v1.8.0 h1:hT8rVHwugYE2lEfdFE0QWVo81lF7jMrYJVDWI+f+VxU=
github.com/aws/aws-sdk-go-v2/internal/ini v1.8.0/go.mod h1:8tu/lYfQfFe6IGnaOdrpVgEL2IrrDOf6/m9RQum4NkY=
github.com/aws/aws-sdk-go-v2/service/dynamodb v1.53.6 h1:LNmvkGzDO5PYXDW6m7igx+s2jKaPchpfbS0uDICywFc=
github.com/aws/aws-sdk-go-v2/service/dynamodb v1.53.6/go.mod h1:ctEsEHY2vFQc6i4KU07q4n68v7BAmTbujv2Y+z8+hQY=
github.com/aws/aws-sdk-go-v2/service/internal/accept-encoding v1.13.4 h1:0ryTNEdJbzUCEWkVXEXoqlXV72J5keC1GvILMOuD00E=
github.com/aws/aws-sdk-go-v2/service/internal/accept-encoding v1.13.4/go.mod h1:HQ4qwNZh32C3CBeO6iJLQlgtMzqeG17ziAA/3KDJFow=
github.com/aws/aws-sdk-go-v2/service/internal/endpoint-discovery v1.11.17 h1:Nhx/OYX+ukejm9t/MkWI8sucnsiroNYNGb5ddI9ungQ=
github.com/aws/aws-sdk-go-v2/service/internal/endpoint-discovery v1.11.17/go.mod h1:AjmK8JWnlAevq1b1NBtv5oQVG4iqnYXUufdgol+q9wg=
github.com/aws/aws-sdk-go-v2/service/internal/presigned-url v1.11.0 h1:SHN/umDLTmFTmYfI+gkanz6da3vK8Kvj/5wkqnTHbuA=
github.com/aws/aws-sdk-go-v2/service/internal/presigned-url v1.11.0/go.mod h1:l8gPU5RYGOFHJqWEpPMoRTP0VoaWQSkJdKo+hwWnnDA=
github.com/aws/aws-sdk-go-v2/service/kinesis v1.42.10 h1:9jBVTw8qxfekGSNtiFreb1e5m2vCz89XcC5C4pmDN9Y=
github.com/aws/aws-sdk-go-v2/service/kinesis v1.42.10/go.mod h1:Fpex7CunMujL2O9qaKTDYG0xnl1ZP3pBZ68XyQCmhtA=
github.com/aws/aws-sdk-go-v2/service/sso v1.19.0 h1:u6OkVDxtBPnxPkZ9/63ynEe+8kHbtS5IfaC4PzVxzWM=
github.com/aws/aws-sdk-go-v2/service/sso v1.19.0/go.mod h1:YqbU3RS/pkDVu+v+Nwxvn0i1WB0HkNWEePWbmODEbbs=
github.com/aws/aws-sdk-go-v2/service/ssooidc v1.22.0 h1:6DL0qu5+315wbsAEEmzK+P9leRwNbkp+lGjPC+CEvb8=
github.com/aws/aws-sdk-go-v2/service/ssooidc v1.22.0/go.mod h1:olUAyg+FaoFaL/zFaeQQONjOZ9HXoxgvI/c7mQTYz7M=
github.com/aws/aws-sdk-go-v2/service/sts v1.27.0 h1:cjTRjh700H36MQ8M0LnDn33W3JmwC77mdxIIyPWCdpM=
github.com/aws/aws-sdk-go-v2/service/sts v1.27.0/go.mod h1:nXfOBMWPokIbOY+Gi7a1psWMSvskUCemZzI+SMB7Akc=
github.com/aws/smithy-go v1.24.0 h1:LpilSUItNPFr1eY85RYgTIg5eIEPtvFbskaFcmmIUnk=
github.com/aws/smithy-go v1.24.0/go.mod h1:LEj2LM3rBRQJxPZTB4KuzZkaZYnZPnvgIhb4pu07mx0=
github.com/google/go-cmp v0.5.8 h1:e6P7q2lk1O+qJJb4BtCQXlK8vWEO8V1ZeuEdJNOqZyg=
github.com/google/go-cmp v0.5.8/go.mod h1:17dUlkBOakJ0+DkrSSNjCkIjxS6bF9zb3elmeNGIjoY=
